<?xml version="1.0" encoding="utf-8"?>
<Project ToolsVersion="4.0" xmlns="http://schemas.microsoft.com/developer/msbuild/2003">
  <ItemGroup>
    <Filter Include="Source Files">
      <UniqueIdentifier>{4FC737F1-C7A5-4376-A066-2A32D752A2FF}</UniqueIdentifier>
      <Extensions>cpp;c;cc;cxx;c++;cppm;ixx;def;odl;idl;hpj;bat;asm;asmx</Extensions>
    </Filter>
    <Filter Include="Header Files">
      <UniqueIdentifier>{93995380-89BD-4b04-88EB-625FBE52EBFB}</UniqueIdentifier>
      <Extensions>h;hh;hpp;hxx;h++;hm;inl;inc;ipp;xsd</Extensions>
    </Filter>
    <Filter Include="Resource Files">
      <UniqueIdentifier>{67DA6AB6-F800-4c08-8B7A-83BB121AAD01}</UniqueIdentifier>
      <Extensions>rc;ico;cur;bmp;dlg;rc2;rct;bin;rgs;gif;jpg;jpeg;jpe;resx;tiff;tif;png;wav;mfcribbon-ms</Extensions>
    </Filter>
    <Filter Include="Source Files\Engine">
      <UniqueIdentifier>{3008305e-22dd-4494-a13f-6c791b25f776}</UniqueIdentifier>
    </Filter>
    <Filter Include="Source Files\Engine\Graphics">
      <UniqueIdentifier>{4d66b045-20fb-428f-897a-a8de1d84aa84}</UniqueIdentifier>
    </Filter>
    <Filter Include="Source Files\Engine\Input">
      <UniqueIdentifier>{d94bbae8-63db-4086-8d93-6efd1796819b}</UniqueIdentifier>
    </Filter>
    <Filter Include="Source Files\Engine\Graphics\DirectX">
      <UniqueIdentifier>{063f1fdb-edab-4f93-91f4-35efbdc74450}</UniqueIdentifier>
    </Filter>
    <Filter Include="Source Files\Engine\Graphics\GameObject">
      <UniqueIdentifier>{11c11276-6fbb-42e3-bbe1-a5d0250f861b}</UniqueIdentifier>
    </Filter>
    <Filter Include="Source Files\Engine\Graphics\GameCamera">
      <UniqueIdentifier>{5daf4ecb-6ad2-48dc-a310-679d0ced3fb9}</UniqueIdentifier>
    </Filter>
    <Filter Include="Source Files\Engine\Graphics\ColorShaderClass">
      <UniqueIdentifier>{2450db55-83fa-455f-9720-c62694a76d46}</UniqueIdentifier>
    </Filter>
    <Filter Include="Source Files\Engine\Graphics\ColorShaderClass\ShaderFiles">
      <UniqueIdentifier>{610f9f57-d6aa-4e5b-b74a-966aa9e73e58}</UniqueIdentifier>
    </Filter>
    <Filter Include="Source Files\Engine\Graphics\Texture">
      <UniqueIdentifier>{5056a72f-f313-4a5f-abb8-62747e6d48a3}</UniqueIdentifier>
    </Filter>
    <Filter Include="Source Files\Engine\ImGui">
      <UniqueIdentifier>{725445b5-454e-47a4-9587-45eb5a676174}</UniqueIdentifier>
    </Filter>
    <Filter Include="Source Files\Engine\ImGui\Source Files">
      <UniqueIdentifier>{45ba31fc-9b51-4e2e-bdc2-ceb64ee50a46}</UniqueIdentifier>
    </Filter>
    <Filter Include="Source Files\Engine\Time">
      <UniqueIdentifier>{f436ae7d-97bb-436a-a2dd-a2e7b779ae5c}</UniqueIdentifier>
    </Filter>
    <Filter Include="Source Files\Engine\Graphics\GameObject\Components">
      <UniqueIdentifier>{f9344b1d-e72e-4694-bcc2-494dab5afd9c}</UniqueIdentifier>
    </Filter>
    <Filter Include="Source Files\Engine\Maths">
      <UniqueIdentifier>{7d7c6b2d-242d-4d20-be47-f38712f7e5b4}</UniqueIdentifier>
    </Filter>
  </ItemGroup>
  <ItemGroup>
    <ClCompile Include="Code\EngineBase\Input\Input.cpp">
      <Filter>Source Files\Engine\Input</Filter>
    </ClCompile>
    <ClCompile Include="Code\EngineBase\Graphics\Graphics.cpp">
      <Filter>Source Files\Engine\Graphics</Filter>
    </ClCompile>
    <ClCompile Include="Code\EngineBase\EngineMain.cpp">
      <Filter>Source Files\Engine</Filter>
    </ClCompile>
    <ClCompile Include="Code\EngineBase\Graphics\DirectX\DirectXClass.cpp">
      <Filter>Source Files\Engine\Graphics\DirectX</Filter>
    </ClCompile>
    <ClCompile Include="Code\EngineBase\Graphics\GameObject\GameObject.cpp">
      <Filter>Source Files\Engine\Graphics\GameObject</Filter>
    </ClCompile>
    <ClCompile Include="Code\EngineBase\Graphics\GameCamera\Camera.cpp">
      <Filter>Source Files\Engine\Graphics\GameCamera</Filter>
    </ClCompile>
    <ClCompile Include="Code\EngineBase\Graphics\Shader\Shader.cpp">
      <Filter>Source Files\Engine\Graphics\ColorShaderClass</Filter>
    </ClCompile>
    <ClCompile Include="Code\EngineBase\Graphics\Texture\TextureClass.cpp">
      <Filter>Source Files\Engine\Graphics\Texture</Filter>
    </ClCompile>
    <ClCompile Include="Code\EngineBase\ImGui\ImGui SourceCode\imgui.cpp">
      <Filter>Source Files\Engine\ImGui\Source Files</Filter>
    </ClCompile>
    <ClCompile Include="Code\EngineBase\ImGui\ImGui SourceCode\imgui_draw.cpp">
      <Filter>Source Files\Engine\ImGui\Source Files</Filter>
    </ClCompile>
    <ClCompile Include="Code\EngineBase\ImGui\ImGui SourceCode\imgui_impl_dx11.cpp">
      <Filter>Source Files\Engine\ImGui\Source Files</Filter>
    </ClCompile>
    <ClCompile Include="Code\EngineBase\ImGui\ImGui SourceCode\imgui_impl_win32.cpp">
      <Filter>Source Files\Engine\ImGui\Source Files</Filter>
    </ClCompile>
    <ClCompile Include="Code\EngineBase\ImGui\ImGui SourceCode\imgui_tables.cpp">
      <Filter>Source Files\Engine\ImGui\Source Files</Filter>
    </ClCompile>
    <ClCompile Include="Code\EngineBase\ImGui\ImGui SourceCode\imgui_widgets.cpp">
      <Filter>Source Files\Engine\ImGui\Source Files</Filter>
    </ClCompile>
    <ClCompile Include="Code\EngineBase\ImGui\EngineGuiClass.cpp">
      <Filter>Source Files\Engine\ImGui</Filter>
    </ClCompile>
    <ClCompile Include="Main.cpp">
      <Filter>Source Files</Filter>
    </ClCompile>
    <ClCompile Include="Code\EngineBase\Time\Time.cpp">
      <Filter>Source Files\Engine\Time</Filter>
    </ClCompile>
    <ClCompile Include="Code\EngineBase\Graphics\GameObject\Components\Component.cpp">
      <Filter>Source Files\Engine\Graphics\GameObject\Components</Filter>
    </ClCompile>
    <ClCompile Include="Code\EngineBase\Graphics\GameObject\Components\Transform.cpp">
      <Filter>Source Files\Engine\Graphics\GameObject\Components</Filter>
    </ClCompile>
    <ClCompile Include="Code\EngineBase\Graphics\GameObject\Components\SpriteRenderer.cpp">
      <Filter>Source Files\Engine\Graphics\GameObject\Components</Filter>
    </ClCompile>
  </ItemGroup>
  <ItemGroup>
    <ClInclude Include="Code\EngineBase\Input\Input.h">
      <Filter>Source Files\Engine\Input</Filter>
    </ClInclude>
    <ClInclude Include="Code\EngineBase\Graphics\Graphics.h">
      <Filter>Source Files\Engine\Graphics</Filter>
    </ClInclude>
    <ClInclude Include="Code\EngineBase\EngineMain.h">
      <Filter>Source Files\Engine</Filter>
    </ClInclude>
    <ClInclude Include="Code\EngineBase\Graphics\DirectX\DirectXClass.h">
      <Filter>Source Files\Engine\Graphics\DirectX</Filter>
    </ClInclude>
    <ClInclude Include="Code\EngineBase\Graphics\GameObject\GameObject.h">
      <Filter>Source Files\Engine\Graphics\GameObject</Filter>
    </ClInclude>
    <ClInclude Include="Code\EngineBase\Graphics\GameCamera\Camera.h">
      <Filter>Source Files\Engine\Graphics\GameCamera</Filter>
    </ClInclude>
    <ClInclude Include="Code\EngineBase\Graphics\Shader\Shader.h">
      <Filter>Source Files\Engine\Graphics\ColorShaderClass</Filter>
    </ClInclude>
    <ClInclude Include="Code\EngineBase\Graphics\Texture\TextureClass.h">
      <Filter>Source Files\Engine\Graphics\Texture</Filter>
    </ClInclude>
    <ClInclude Include="Code\EngineBase\ImGui\ImGui SourceCode\imconfig.h">
      <Filter>Source Files\Engine\ImGui\Source Files</Filter>
    </ClInclude>
    <ClInclude Include="Code\EngineBase\ImGui\ImGui SourceCode\imgui.h">
      <Filter>Source Files\Engine\ImGui\Source Files</Filter>
    </ClInclude>
    <ClInclude Include="Code\EngineBase\ImGui\ImGui SourceCode\imgui_impl_dx11.h">
      <Filter>Source Files\Engine\ImGui\Source Files</Filter>
    </ClInclude>
    <ClInclude Include="Code\EngineBase\ImGui\ImGui SourceCode\imgui_impl_win32.h">
      <Filter>Source Files\Engine\ImGui\Source Files</Filter>
    </ClInclude>
    <ClInclude Include="Code\EngineBase\ImGui\ImGui SourceCode\imgui_internal.h">
      <Filter>Source Files\Engine\ImGui\Source Files</Filter>
    </ClInclude>
    <ClInclude Include="Code\EngineBase\ImGui\ImGui SourceCode\imstb_rectpack.h">
      <Filter>Source Files\Engine\ImGui\Source Files</Filter>
    </ClInclude>
    <ClInclude Include="Code\EngineBase\ImGui\ImGui SourceCode\imstb_textedit.h">
      <Filter>Source Files\Engine\ImGui\Source Files</Filter>
    </ClInclude>
    <ClInclude Include="Code\EngineBase\ImGui\ImGui SourceCode\imstb_truetype.h">
      <Filter>Source Files\Engine\ImGui\Source Files</Filter>
    </ClInclude>
    <ClInclude Include="Code\EngineBase\ImGui\EngineGuiClass.h">
      <Filter>Source Files\Engine\ImGui</Filter>
    </ClInclude>
    <ClInclude Include="Code\EngineBase\Time\Time.h">
      <Filter>Source Files\Engine\Time</Filter>
    </ClInclude>
    <ClInclude Include="Code\EngineBase\Graphics\GameObject\Components\Component.h">
      <Filter>Source Files\Engine\Graphics\GameObject\Components</Filter>
    </ClInclude>
    <ClInclude Include="Code\EngineBase\Graphics\GameObject\Components\Transform.h">
      <Filter>Source Files\Engine\Graphics\GameObject\Components</Filter>
    </ClInclude>
    <ClInclude Include="Code\EngineBase\Graphics\GameObject\Components\SpriteRenderer.h">
      <Filter>Source Files\Engine\Graphics\GameObject\Components</Filter>
    </ClInclude>
    <ClInclude Include="Code\EngineBase\Maths\Vertex.h">
      <Filter>Source Files\Engine\Maths</Filter>
    </ClInclude>
    <ClInclude Include="Code\EngineBase\Maths\Vectors.h">
      <Filter>Source Files\Engine\Maths</Filter>
    </ClInclude>
  </ItemGroup>
  <ItemGroup>
    <FxCompile Include="Code\EngineBase\Graphics\Shader\Shaders\BlockColourShader.fx">
      <Filter>Source Files\Engine\Graphics\ColorShaderClass\ShaderFiles</Filter>
    </FxCompile>
    <FxCompile Include="Code\EngineBase\Graphics\Shader\Shaders\TextureSimple.fx">
      <Filter>Source Files\Engine\Graphics\ColorShaderClass\ShaderFiles</Filter>
    </FxCompile>
  </ItemGroup>
</Project>