<?xml version="1.0" encoding="utf-8"?>
<Project ToolsVersion="4.0" xmlns="http://schemas.microsoft.com/developer/msbuild/2003">
  <ItemGroup>
    <Filter Include="Source Files">
      <UniqueIdentifier>{4FC737F1-C7A5-4376-A066-2A32D752A2FF}</UniqueIdentifier>
      <Extensions>cpp;c;cc;cxx;c++;cppm;ixx;def;odl;idl;hpj;bat;asm;asmx</Extensions>
    </Filter>
    <Filter Include="Header Files">
      <UniqueIdentifier>{93995380-89BD-4b04-88EB-625FBE52EBFB}</UniqueIdentifier>
      <Extensions>h;hh;hpp;hxx;h++;hm;inl;inc;ipp;xsd</Extensions>
    </Filter>
    <Filter Include="Resource Files">
      <UniqueIdentifier>{67DA6AB6-F800-4c08-8B7A-83BB121AAD01}</UniqueIdentifier>
      <Extensions>rc;ico;cur;bmp;dlg;rc2;rct;bin;rgs;gif;jpg;jpeg;jpe;resx;tiff;tif;png;wav;mfcribbon-ms</Extensions>
    </Filter>
    <Filter Include="Source Files\Engine">
      <UniqueIdentifier>{3008305e-22dd-4494-a13f-6c791b25f776}</UniqueIdentifier>
    </Filter>
    <Filter Include="Source Files\Engine\ImGui">
      <UniqueIdentifier>{725445b5-454e-47a4-9587-45eb5a676174}</UniqueIdentifier>
    </Filter>
    <Filter Include="Source Files\Engine\ImGui\Source Files">
      <UniqueIdentifier>{45ba31fc-9b51-4e2e-bdc2-ceb64ee50a46}</UniqueIdentifier>
    </Filter>
    <Filter Include="Source Files\Engine\SceneManager">
      <UniqueIdentifier>{f5c69f9a-4a74-4e05-a84b-56a082f705a6}</UniqueIdentifier>
    </Filter>
    <Filter Include="Source Files\Engine\SceneManager">
      <UniqueIdentifier>{f5c69f9a-4a74-4e05-a84b-56a082f705a6}</UniqueIdentifier>
    </Filter>
    <Filter Include="Source Files\Engine\Game Systems">
      <UniqueIdentifier>{995014f0-79c2-4ef4-a97a-58b4839eb7f6}</UniqueIdentifier>
    </Filter>
    <Filter Include="Source Files\Engine\Game Systems\Components">
      <UniqueIdentifier>{d11fafcb-cd3a-42f9-991f-6dcbb7667839}</UniqueIdentifier>
    </Filter>
    <Filter Include="Source Files\Engine\Data Structures">
      <UniqueIdentifier>{285238bf-bc14-4c71-b5e4-b56872b674fd}</UniqueIdentifier>
    </Filter>
    <Filter Include="Source Files\Engine\Rendering">
      <UniqueIdentifier>{f6a7f3c5-4c66-4ce2-81c4-079310c97669}</UniqueIdentifier>
    </Filter>
    <Filter Include="Header Files\Engine">
      <UniqueIdentifier>{99614d3c-6588-4a52-b342-fe1420ecf847}</UniqueIdentifier>
    </Filter>
    <Filter Include="Header Files\Engine\Data Structures">
      <UniqueIdentifier>{3187855a-1e8d-4277-b821-8aa5556070d7}</UniqueIdentifier>
    </Filter>
    <Filter Include="Header Files\Engine\Game Systems">
      <UniqueIdentifier>{e78fe415-d119-46c9-891f-3701140d19d7}</UniqueIdentifier>
    </Filter>
    <Filter Include="Header Files\Engine\Game Systems\Components">
      <UniqueIdentifier>{595bf183-ad43-4935-9dfa-516097d60ad7}</UniqueIdentifier>
    </Filter>
    <Filter Include="Header Files\Engine\Rendering">
      <UniqueIdentifier>{d4f12cdc-c3e5-41e0-b1fe-e4967852ffb7}</UniqueIdentifier>
    </Filter>
    <Filter Include="Header Files\Engine\Rendering\Shaders">
      <UniqueIdentifier>{9e1f3112-0c5d-487b-9241-85923d843b65}</UniqueIdentifier>
    </Filter>
    <Filter Include="Header Files\Engine\ImGui">
      <UniqueIdentifier>{2570fa7b-0295-44d8-bb45-ff453ba8e2eb}</UniqueIdentifier>
    </Filter>
  </ItemGroup>
  <ItemGroup>
    <ClCompile Include="Code\EngineBase\EngineMain.cpp">
      <Filter>Source Files\Engine</Filter>
    </ClCompile>
    <ClCompile Include="Code\EngineBase\ImGui\ImGui SourceCode\imgui.cpp">
      <Filter>Source Files\Engine\ImGui\Source Files</Filter>
    </ClCompile>
    <ClCompile Include="Code\EngineBase\ImGui\ImGui SourceCode\imgui_draw.cpp">
      <Filter>Source Files\Engine\ImGui\Source Files</Filter>
    </ClCompile>
    <ClCompile Include="Code\EngineBase\ImGui\ImGui SourceCode\imgui_impl_dx11.cpp">
      <Filter>Source Files\Engine\ImGui\Source Files</Filter>
    </ClCompile>
    <ClCompile Include="Code\EngineBase\ImGui\ImGui SourceCode\imgui_impl_win32.cpp">
      <Filter>Source Files\Engine\ImGui\Source Files</Filter>
    </ClCompile>
    <ClCompile Include="Code\EngineBase\ImGui\ImGui SourceCode\imgui_tables.cpp">
      <Filter>Source Files\Engine\ImGui\Source Files</Filter>
    </ClCompile>
    <ClCompile Include="Code\EngineBase\ImGui\ImGui SourceCode\imgui_widgets.cpp">
      <Filter>Source Files\Engine\ImGui\Source Files</Filter>
    </ClCompile>
    <ClCompile Include="Main.cpp">
      <Filter>Source Files</Filter>
    </ClCompile>
    <ClCompile Include="Code\EngineBase\Game Systems\Components\Sprite.cpp">
      <Filter>Source Files\Engine\Game Systems\Components</Filter>
    </ClCompile>
    <ClCompile Include="Code\EngineBase\Game Systems\Components\SpriteRenderer.cpp">
      <Filter>Source Files\Engine\Game Systems\Components</Filter>
    </ClCompile>
    <ClCompile Include="Code\EngineBase\Game Systems\Components\Transform.cpp">
      <Filter>Source Files\Engine\Game Systems\Components</Filter>
    </ClCompile>
    <ClCompile Include="Code\EngineBase\Game Systems\GameObject.cpp">
      <Filter>Source Files\Engine\Game Systems</Filter>
    </ClCompile>
    <ClCompile Include="Code\EngineBase\Rendering\DirectXClass.cpp">
      <Filter>Source Files\Engine\Rendering</Filter>
    </ClCompile>
    <ClCompile Include="Code\EngineBase\Data Structures\Texture2D.cpp">
      <Filter>Source Files\Engine\Data Structures</Filter>
    </ClCompile>
    <ClCompile Include="Code\EngineBase\Game Systems\Time.cpp">
      <Filter>Source Files\Engine\Game Systems</Filter>
    </ClCompile>
    <ClCompile Include="Code\EngineBase\Game Systems\Camera.cpp">
      <Filter>Source Files\Engine\Game Systems</Filter>
    </ClCompile>
    <ClCompile Include="Code\EngineBase\Graphics.cpp">
      <Filter>Source Files\Engine</Filter>
    </ClCompile>
    <ClCompile Include="Code\EngineBase\Game Systems\Input.cpp">
      <Filter>Source Files\Engine\Game Systems</Filter>
    </ClCompile>
    <ClCompile Include="Code\EngineBase\Rendering\Shader.cpp">
      <Filter>Source Files\Engine\Rendering</Filter>
    </ClCompile>
    <ClCompile Include="Code\EngineBase\ImGui\EngineGuiClass.cpp">
      <Filter>Source Files\Engine\ImGui</Filter>
    </ClCompile>
  </ItemGroup>
  <ItemGroup>
    <ClInclude Include="Code\EngineBase\ImGui\ImGui SourceCode\imconfig.h">
      <Filter>Source Files\Engine\ImGui\Source Files</Filter>
    </ClInclude>
    <ClInclude Include="Code\EngineBase\ImGui\ImGui SourceCode\imgui.h">
      <Filter>Source Files\Engine\ImGui\Source Files</Filter>
    </ClInclude>
    <ClInclude Include="Code\EngineBase\ImGui\ImGui SourceCode\imgui_impl_dx11.h">
      <Filter>Source Files\Engine\ImGui\Source Files</Filter>
    </ClInclude>
    <ClInclude Include="Code\EngineBase\ImGui\ImGui SourceCode\imgui_impl_win32.h">
      <Filter>Source Files\Engine\ImGui\Source Files</Filter>
    </ClInclude>
    <ClInclude Include="Code\EngineBase\ImGui\ImGui SourceCode\imgui_internal.h">
      <Filter>Source Files\Engine\ImGui\Source Files</Filter>
    </ClInclude>
    <ClInclude Include="Code\EngineBase\ImGui\ImGui SourceCode\imstb_rectpack.h">
      <Filter>Source Files\Engine\ImGui\Source Files</Filter>
    </ClInclude>
    <ClInclude Include="Code\EngineBase\ImGui\ImGui SourceCode\imstb_textedit.h">
      <Filter>Source Files\Engine\ImGui\Source Files</Filter>
    </ClInclude>
    <ClInclude Include="Code\EngineBase\ImGui\ImGui SourceCode\imstb_truetype.h">
      <Filter>Source Files\Engine\ImGui\Source Files</Filter>
    </ClInclude>
    <ClInclude Include="resource.h">
      <Filter>Header Files</Filter>
    </ClInclude>
    <ClInclude Include="resource.h">
      <Filter>Header Files</Filter>
    </ClInclude>
    <ClInclude Include="Code\EngineBase\Game Systems\Components\Component.h">
      <Filter>Header Files\Engine\Game Systems\Components</Filter>
    </ClInclude>
    <ClInclude Include="Code\EngineBase\Game Systems\Components\Sprite.h">
      <Filter>Header Files\Engine\Game Systems\Components</Filter>
    </ClInclude>
    <ClInclude Include="Code\EngineBase\Game Systems\Components\SpriteRenderer.h">
      <Filter>Header Files\Engine\Game Systems\Components</Filter>
    </ClInclude>
    <ClInclude Include="Code\EngineBase\Game Systems\Components\Transform.h">
      <Filter>Header Files\Engine\Game Systems\Components</Filter>
    </ClInclude>
    <ClInclude Include="Code\EngineBase\Game Systems\GameObject.h">
      <Filter>Header Files\Engine\Game Systems</Filter>
    </ClInclude>
    <ClInclude Include="Code\EngineBase\Rendering\DirectXClass.h">
      <Filter>Header Files\Engine\Rendering</Filter>
    </ClInclude>
    <ClInclude Include="Code\EngineBase\Data Structures\Texture2D.h">
      <Filter>Header Files\Engine\Data Structures</Filter>
    </ClInclude>
    <ClInclude Include="Code\EngineBase\Game Systems\Time.h">
      <Filter>Header Files\Engine\Game Systems</Filter>
    </ClInclude>
    <ClInclude Include="Code\EngineBase\Rendering\Shader.h">
      <Filter>Header Files\Engine\Rendering</Filter>
    </ClInclude>
    <ClInclude Include="Code\EngineBase\Game Systems\Camera.h">
      <Filter>Header Files\Engine\Game Systems</Filter>
    </ClInclude>
    <ClInclude Include="Code\EngineBase\Game Systems\Input.h">
      <Filter>Header Files\Engine\Game Systems</Filter>
    </ClInclude>
    <ClInclude Include="Code\EngineBase\Data Structures\Vectors.h">
      <Filter>Header Files\Engine\Data Structures</Filter>
    </ClInclude>
    <ClInclude Include="Code\EngineBase\Data Structures\Vertex.h">
      <Filter>Header Files\Engine\Data Structures</Filter>
    </ClInclude>
    <ClInclude Include="Code\EngineBase\EngineMain.h">
      <Filter>Header Files\Engine</Filter>
    </ClInclude>
    <ClInclude Include="Code\EngineBase\ImGui\EngineGuiClass.h">
      <Filter>Header Files\Engine\ImGui</Filter>
    </ClInclude>
    <ClInclude Include="Code\EngineBase\Graphics.h">
      <Filter>Header Files\Engine</Filter>
    </ClInclude>
  </ItemGroup>
  <ItemGroup>
    <ResourceCompile Include="Going_Quackers_Framework.rc">
      <Filter>Resource Files</Filter>
    </ResourceCompile>
  </ItemGroup>
</Project>